
Microsoft Visual Studio Solution File, Format Version 12.00
# Visual Studio Version 17
VisualStudioVersion = 17.9.34616.47
MinimumVisualStudioVersion = 10.0.40219.1
Project("{FAE04EC0-301F-11D3-BF4B-00C04F79EFBC}") = "StartPage", "StartPage\StartPage.csproj", "{7C7130EF-4B54-4820-B950-44BF4247ED9A}"
EndProject
Project("{FAE04EC0-301F-11D3-BF4B-00C04F79EFBC}") = "DataManagement", "DataManagement\DataManagement.csproj", "{AB6231BC-8577-4C73-8785-3162E932A376}"
EndProject
Global
	GlobalSection(SolutionConfigurationPlatforms) = preSolution
		Debug|Any CPU = Debug|Any CPU
		Release|Any CPU = Release|Any CPU
	EndGlobalSection
	GlobalSection(ProjectConfigurationPlatforms) = postSolution
		{7C7130EF-4B54-4820-B950-44BF4247ED9A}.Debug|Any CPU.ActiveCfg = Debug|Any CPU
		{7C7130EF-4B54-4820-B950-44BF4247ED9A}.Debug|Any CPU.Build.0 = Debug|Any CPU
		{7C7130EF-4B54-4820-B950-44BF4247ED9A}.Release|Any CPU.ActiveCfg = Release|Any CPU
		{7C7130EF-4B54-4820-B950-44BF4247ED9A}.Release|Any CPU.Build.0 = Release|Any CPU
		{AB6231BC-8577-4C73-8785-3162E932A376}.Debug|Any CPU.ActiveCfg = Debug|Any CPU
		{AB6231BC-8577-4C73-8785-3162E932A376}.Debug|Any CPU.Build.0 = Debug|Any CPU
		{AB6231BC-8577-4C73-8785-3162E932A376}.Release|Any CPU.ActiveCfg = Release|Any CPU
		{AB6231BC-8577-4C73-8785-3162E932A376}.Release|Any CPU.Build.0 = Release|Any CPU
	EndGlobalSection
	GlobalSection(SolutionProperties) = preSolution
		HideSolutionNode = FALSE
	EndGlobalSection
	GlobalSection(ExtensibilityGlobals) = postSolution
		SolutionGuid = {FD1DBA12-0A5A-40D9-AC57-48340A2458D1}
	EndGlobalSection
EndGlobal
